
Microsoft Visual Studio Solution File, Format Version 12.00
# Visual Studio Version 17
VisualStudioVersion = 17.14.36327.8 d17.14
MinimumVisualStudioVersion = 10.0.40219.1
Project("{8BC9CEB8-8B4A-11D0-8D11-00A0C91BC942}") = "Gimnasio", "Gimnasio\Gimnasio.vcxproj", "{41E0BBE9-ACBF-4BB7-95EB-733E746C0045}"
EndProject
Global
	GlobalSection(SolutionConfigurationPlatforms) = preSolution
		Debug|x64 = Debug|x64
		Debug|x86 = Debug|x86
		Release|x64 = Release|x64
		Release|x86 = Release|x86
	EndGlobalSection
	GlobalSection(ProjectConfigurationPlatforms) = postSolution
		{41E0BBE9-ACBF-4BB7-95EB-733E746C0045}.Debug|x64.ActiveCfg = Debug|x64
		{41E0BBE9-ACBF-4BB7-95EB-733E746C0045}.Debug|x64.Build.0 = Debug|x64
		{41E0BBE9-ACBF-4BB7-95EB-733E746C0045}.Debug|x86.ActiveCfg = Debug|Win32
		{41E0BBE9-ACBF-4BB7-95EB-733E746C0045}.Debug|x86.Build.0 = Debug|Win32
		{41E0BBE9-ACBF-4BB7-95EB-733E746C0045}.Release|x64.ActiveCfg = Release|x64
		{41E0BBE9-ACBF-4BB7-95EB-733E746C0045}.Release|x64.Build.0 = Release|x64
		{41E0BBE9-ACBF-4BB7-95EB-733E746C0045}.Release|x86.ActiveCfg = Release|Win32
		{41E0BBE9-ACBF-4BB7-95EB-733E746C0045}.Release|x86.Build.0 = Release|Win32
	EndGlobalSection
	GlobalSection(SolutionProperties) = preSolution
		HideSolutionNode = FALSE
	EndGlobalSection
	GlobalSection(ExtensibilityGlobals) = postSolution
		SolutionGuid = {DE78A3C0-27E1-4AE5-97E8-4D115A00785C}
	EndGlobalSection
EndGlobal
